
Microsoft Visual Studio Solution File, Format Version 12.00
# Visual Studio 2012
Project("{F184B08F-C81C-45F6-A57F-5ABD9991F28F}") = "DeliveryTakeOrder", "DeliveryTakeOrder\DeliveryTakeOrder.vbproj", "{38C5D7CF-4B5F-47A8-A687-F900F1E9D39A}"
EndProject
Global
	GlobalSection(SolutionConfigurationPlatforms) = preSolution
		Debug|Any CPU = Debug|Any CPU
		Release|Any CPU = Release|Any CPU
	EndGlobalSection
	GlobalSection(ProjectConfigurationPlatforms) = postSolution
		{38C5D7CF-4B5F-47A8-A687-F900F1E9D39A}.Debug|Any CPU.ActiveCfg = Debug|Any CPU
		{38C5D7CF-4B5F-47A8-A687-F900F1E9D39A}.Debug|Any CPU.Build.0 = Debug|Any CPU
		{38C5D7CF-4B5F-47A8-A687-F900F1E9D39A}.Release|Any CPU.ActiveCfg = Release|Any CPU
		{38C5D7CF-4B5F-47A8-A687-F900F1E9D39A}.Release|Any CPU.Build.0 = Release|Any CPU
	EndGlobalSection
	GlobalSection(SolutionProperties) = preSolution
		HideSolutionNode = FALSE
	EndGlobalSection
EndGlobal
